// !$*UTF8*$!
{
	archiveVersion = 1;
	classes = {
	};
	objectVersion = 50;
	objects = {

/* Begin PBXBuildFile section */
		250AFDED25D966180002CC4A /* AppDelegate.swift in Sources */ = {isa = PBXBuildFile; fileRef = 250AFDEC25D966180002CC4A /* AppDelegate.swift */; };
		250AFDEF25D966180002CC4A /* SceneDelegate.swift in Sources */ = {isa = PBXBuildFile; fileRef = 250AFDEE25D966180002CC4A /* SceneDelegate.swift */; };
		250AFDF125D966180002CC4A /* ViewController.swift in Sources */ = {isa = PBXBuildFile; fileRef = 250AFDF025D966180002CC4A /* ViewController.swift */; };
		250AFDF425D966180002CC4A /* Main.storyboard in Resources */ = {isa = PBXBuildFile; fileRef = 250AFDF225D966180002CC4A /* Main.storyboard */; };
		250AFDF625D9661A0002CC4A /* Assets.xcassets in Resources */ = {isa = PBXBuildFile; fileRef = 250AFDF525D9661A0002CC4A /* Assets.xcassets */; };
		250AFDF925D9661A0002CC4A /* LaunchScreen.storyboard in Resources */ = {isa = PBXBuildFile; fileRef = 250AFDF725D9661A0002CC4A /* LaunchScreen.storyboard */; };
		250AFE2725D96C720002CC4A /* ConstraintMultiplierTarget.swift in Sources */ = {isa = PBXBuildFile; fileRef = 250AFE0225D96C720002CC4A /* ConstraintMultiplierTarget.swift */; };
		250AFE2825D96C720002CC4A /* LayoutConstraintItem.swift in Sources */ = {isa = PBXBuildFile; fileRef = 250AFE0325D96C720002CC4A /* LayoutConstraintItem.swift */; };
		250AFE2925D96C720002CC4A /* ConstraintDescription.swift in Sources */ = {isa = PBXBuildFile; fileRef = 250AFE0425D96C720002CC4A /* ConstraintDescription.swift */; };
		250AFE2A25D96C720002CC4A /* ConstraintMakerPriortizable.swift in Sources */ = {isa = PBXBuildFile; fileRef = 250AFE0525D96C720002CC4A /* ConstraintMakerPriortizable.swift */; };
		250AFE2B25D96C720002CC4A /* ConstraintAttributes.swift in Sources */ = {isa = PBXBuildFile; fileRef = 250AFE0625D96C720002CC4A /* ConstraintAttributes.swift */; };
		250AFE2C25D96C720002CC4A /* ConstraintViewDSL.swift in Sources */ = {isa = PBXBuildFile; fileRef = 250AFE0725D96C720002CC4A /* ConstraintViewDSL.swift */; };
		250AFE2D25D96C720002CC4A /* ConstraintPriorityTarget.swift in Sources */ = {isa = PBXBuildFile; fileRef = 250AFE0825D96C720002CC4A /* ConstraintPriorityTarget.swift */; };
		250AFE2E25D96C720002CC4A /* ConstraintInsets.swift in Sources */ = {isa = PBXBuildFile; fileRef = 250AFE0925D96C720002CC4A /* ConstraintInsets.swift */; };
		250AFE2F25D96C720002CC4A /* ConstraintMakerFinalizable.swift in Sources */ = {isa = PBXBuildFile; fileRef = 250AFE0A25D96C720002CC4A /* ConstraintMakerFinalizable.swift */; };
		250AFE3025D96C720002CC4A /* ConstraintDSL.swift in Sources */ = {isa = PBXBuildFile; fileRef = 250AFE0B25D96C720002CC4A /* ConstraintDSL.swift */; };
		250AFE3125D96C720002CC4A /* ConstraintMakerExtendable.swift in Sources */ = {isa = PBXBuildFile; fileRef = 250AFE0C25D96C720002CC4A /* ConstraintMakerExtendable.swift */; };
		250AFE3225D96C720002CC4A /* ConstraintPriority.swift in Sources */ = {isa = PBXBuildFile; fileRef = 250AFE0D25D96C720002CC4A /* ConstraintPriority.swift */; };
		250AFE3325D96C720002CC4A /* ConstraintInsetTarget.swift in Sources */ = {isa = PBXBuildFile; fileRef = 250AFE0E25D96C720002CC4A /* ConstraintInsetTarget.swift */; };
		250AFE3425D96C720002CC4A /* ConstraintDirectionalInsetTarget.swift in Sources */ = {isa = PBXBuildFile; fileRef = 250AFE0F25D96C720002CC4A /* ConstraintDirectionalInsetTarget.swift */; };
		250AFE3525D96C720002CC4A /* ConstraintConfig.swift in Sources */ = {isa = PBXBuildFile; fileRef = 250AFE1125D96C720002CC4A /* ConstraintConfig.swift */; };
		250AFE3625D96C720002CC4A /* UILayoutSupport+Extensions.swift in Sources */ = {isa = PBXBuildFile; fileRef = 250AFE1225D96C720002CC4A /* UILayoutSupport+Extensions.swift */; };
		250AFE3725D96C720002CC4A /* ConstraintView.swift in Sources */ = {isa = PBXBuildFile; fileRef = 250AFE1325D96C720002CC4A /* ConstraintView.swift */; };
		250AFE3825D96C720002CC4A /* ConstraintLayoutGuide.swift in Sources */ = {isa = PBXBuildFile; fileRef = 250AFE1425D96C720002CC4A /* ConstraintLayoutGuide.swift */; };
		250AFE3925D96C720002CC4A /* ConstraintLayoutSupport.swift in Sources */ = {isa = PBXBuildFile; fileRef = 250AFE1525D96C720002CC4A /* ConstraintLayoutSupport.swift */; };
		250AFE3A25D96C720002CC4A /* Typealiases.swift in Sources */ = {isa = PBXBuildFile; fileRef = 250AFE1625D96C720002CC4A /* Typealiases.swift */; };
		250AFE3B25D96C720002CC4A /* ConstraintConstantTarget.swift in Sources */ = {isa = PBXBuildFile; fileRef = 250AFE1725D96C720002CC4A /* ConstraintConstantTarget.swift */; };
		250AFE3C25D96C720002CC4A /* ConstraintOffsetTarget.swift in Sources */ = {isa = PBXBuildFile; fileRef = 250AFE1825D96C720002CC4A /* ConstraintOffsetTarget.swift */; };
		250AFE3D25D96C720002CC4A /* ConstraintMakerEditable.swift in Sources */ = {isa = PBXBuildFile; fileRef = 250AFE1925D96C720002CC4A /* ConstraintMakerEditable.swift */; };
		250AFE3E25D96C720002CC4A /* ConstraintMaker.swift in Sources */ = {isa = PBXBuildFile; fileRef = 250AFE1A25D96C720002CC4A /* ConstraintMaker.swift */; };
		250AFE3F25D96C720002CC4A /* ConstraintRelation.swift in Sources */ = {isa = PBXBuildFile; fileRef = 250AFE1B25D96C720002CC4A /* ConstraintRelation.swift */; };
		250AFE4025D96C720002CC4A /* ConstraintLayoutGuideDSL.swift in Sources */ = {isa = PBXBuildFile; fileRef = 250AFE1C25D96C720002CC4A /* ConstraintLayoutGuideDSL.swift */; };
		250AFE4125D96C720002CC4A /* ConstraintView+Extensions.swift in Sources */ = {isa = PBXBuildFile; fileRef = 250AFE1D25D96C720002CC4A /* ConstraintView+Extensions.swift */; };
		250AFE4225D96C720002CC4A /* ConstraintItem.swift in Sources */ = {isa = PBXBuildFile; fileRef = 250AFE1E25D96C720002CC4A /* ConstraintItem.swift */; };
		250AFE4325D96C720002CC4A /* Constraint.swift in Sources */ = {isa = PBXBuildFile; fileRef = 250AFE1F25D96C720002CC4A /* Constraint.swift */; };
		250AFE4425D96C720002CC4A /* Debugging.swift in Sources */ = {isa = PBXBuildFile; fileRef = 250AFE2025D96C720002CC4A /* Debugging.swift */; };
		250AFE4525D96C720002CC4A /* ConstraintRelatableTarget.swift in Sources */ = {isa = PBXBuildFile; fileRef = 250AFE2125D96C720002CC4A /* ConstraintRelatableTarget.swift */; };
		250AFE4625D96C720002CC4A /* LayoutConstraint.swift in Sources */ = {isa = PBXBuildFile; fileRef = 250AFE2225D96C720002CC4A /* LayoutConstraint.swift */; };
		250AFE4725D96C720002CC4A /* ConstraintLayoutGuide+Extensions.swift in Sources */ = {isa = PBXBuildFile; fileRef = 250AFE2325D96C720002CC4A /* ConstraintLayoutGuide+Extensions.swift */; };
		250AFE4825D96C720002CC4A /* ConstraintDirectionalInsets.swift in Sources */ = {isa = PBXBuildFile; fileRef = 250AFE2425D96C720002CC4A /* ConstraintDirectionalInsets.swift */; };
		250AFE4925D96C720002CC4A /* ConstraintLayoutSupportDSL.swift in Sources */ = {isa = PBXBuildFile; fileRef = 250AFE2525D96C720002CC4A /* ConstraintLayoutSupportDSL.swift */; };
		250AFE4A25D96C720002CC4A /* ConstraintMakerRelatable.swift in Sources */ = {isa = PBXBuildFile; fileRef = 250AFE2625D96C720002CC4A /* ConstraintMakerRelatable.swift */; };
		250AFE4D25D96C9C0002CC4A /* FuncButton.swift in Sources */ = {isa = PBXBuildFile; fileRef = 250AFE4C25D96C9C0002CC4A /* FuncButton.swift */; };
		250AFE5025D96CE30002CC4A /* Board.swift in Sources */ = {isa = PBXBuildFile; fileRef = 250AFE4F25D96CE30002CC4A /* Board.swift */; };
		250AFE5325D96ED40002CC4A /* Screen.swift in Sources */ = {isa = PBXBuildFile; fileRef = 250AFE5225D96ED40002CC4A /* Screen.swift */; };
		250AFE5625D970780002CC4A /* CalculatorEngine.swift in Sources */ = {isa = PBXBuildFile; fileRef = 250AFE5525D970780002CC4A /* CalculatorEngine.swift */; };
/* End PBXBuildFile section */

/* Begin PBXFileReference section */
		250AFDE925D966180002CC4A /* Calculator.app */ = {isa = PBXFileReference; explicitFileType = wrapper.application; includeInIndex = 0; path = Calculator.app; sourceTree = BUILT_PRODUCTS_DIR; };
		250AFDEC25D966180002CC4A /* AppDelegate.swift */ = {isa = PBXFileReference; lastKnownFileType = sourcecode.swift; path = AppDelegate.swift; sourceTree = "<group>"; };
		250AFDEE25D966180002CC4A /* SceneDelegate.swift */ = {isa = PBXFileReference; lastKnownFileType = sourcecode.swift; path = SceneDelegate.swift; sourceTree = "<group>"; };
		250AFDF025D966180002CC4A /* ViewController.swift */ = {isa = PBXFileReference; lastKnownFileType = sourcecode.swift; path = ViewController.swift; sourceTree = "<group>"; };
		250AFDF325D966180002CC4A /* Base */ = {isa = PBXFileReference; lastKnownFileType = file.storyboard; name = Base; path = Base.lproj/Main.storyboard; sourceTree = "<group>"; };
		250AFDF525D9661A0002CC4A /* Assets.xcassets */ = {isa = PBXFileReference; lastKnownFileType = folder.assetcatalog; path = Assets.xcassets; sourceTree = "<group>"; };
		250AFDF825D9661A0002CC4A /* Base */ = {isa = PBXFileReference; lastKnownFileType = file.storyboard; name = Base; path = Base.lproj/LaunchScreen.storyboard; sourceTree = "<group>"; };
		250AFDFA25D9661A0002CC4A /* Info.plist */ = {isa = PBXFileReference; lastKnownFileType = text.plist.xml; path = Info.plist; sourceTree = "<group>"; };
		250AFE0225D96C720002CC4A /* ConstraintMultiplierTarget.swift */ = {isa = PBXFileReference; fileEncoding = 4; lastKnownFileType = sourcecode.swift; path = ConstraintMultiplierTarget.swift; sourceTree = "<group>"; };
		250AFE0325D96C720002CC4A /* LayoutConstraintItem.swift */ = {isa = PBXFileReference; fileEncoding = 4; lastKnownFileType = sourcecode.swift; path = LayoutConstraintItem.swift; sourceTree = "<group>"; };
		250AFE0425D96C720002CC4A /* ConstraintDescription.swift */ = {isa = PBXFileReference; fileEncoding = 4; lastKnownFileType = sourcecode.swift; path = ConstraintDescription.swift; sourceTree = "<group>"; };
		250AFE0525D96C720002CC4A /* ConstraintMakerPriortizable.swift */ = {isa = PBXFileReference; fileEncoding = 4; lastKnownFileType = sourcecode.swift; path = ConstraintMakerPriortizable.swift; sourceTree = "<group>"; };
		250AFE0625D96C720002CC4A /* ConstraintAttributes.swift */ = {isa = PBXFileReference; fileEncoding = 4; lastKnownFileType = sourcecode.swift; path = ConstraintAttributes.swift; sourceTree = "<group>"; };
		250AFE0725D96C720002CC4A /* ConstraintViewDSL.swift */ = {isa = PBXFileReference; fileEncoding = 4; lastKnownFileType = sourcecode.swift; path = ConstraintViewDSL.swift; sourceTree = "<group>"; };
		250AFE0825D96C720002CC4A /* ConstraintPriorityTarget.swift */ = {isa = PBXFileReference; fileEncoding = 4; lastKnownFileType = sourcecode.swift; path = ConstraintPriorityTarget.swift; sourceTree = "<group>"; };
		250AFE0925D96C720002CC4A /* ConstraintInsets.swift */ = {isa = PBXFileReference; fileEncoding = 4; lastKnownFileType = sourcecode.swift; path = ConstraintInsets.swift; sourceTree = "<group>"; };
		250AFE0A25D96C720002CC4A /* ConstraintMakerFinalizable.swift */ = {isa = PBXFileReference; fileEncoding = 4; lastKnownFileType = sourcecode.swift; path = ConstraintMakerFinalizable.swift; sourceTree = "<group>"; };
		250AFE0B25D96C720002CC4A /* ConstraintDSL.swift */ = {isa = PBXFileReference; fileEncoding = 4; lastKnownFileType = sourcecode.swift; path = ConstraintDSL.swift; sourceTree = "<group>"; };
		250AFE0C25D96C720002CC4A /* ConstraintMakerExtendable.swift */ = {isa = PBXFileReference; fileEncoding = 4; lastKnownFileType = sourcecode.swift; path = ConstraintMakerExtendable.swift; sourceTree = "<group>"; };
		250AFE0D25D96C720002CC4A /* ConstraintPriority.swift */ = {isa = PBXFileReference; fileEncoding = 4; lastKnownFileType = sourcecode.swift; path = ConstraintPriority.swift; sourceTree = "<group>"; };
		250AFE0E25D96C720002CC4A /* ConstraintInsetTarget.swift */ = {isa = PBXFileReference; fileEncoding = 4; lastKnownFileType = sourcecode.swift; path = ConstraintInsetTarget.swift; sourceTree = "<group>"; };
		250AFE0F25D96C720002CC4A /* ConstraintDirectionalInsetTarget.swift */ = {isa = PBXFileReference; fileEncoding = 4; lastKnownFileType = sourcecode.swift; path = ConstraintDirectionalInsetTarget.swift; sourceTree = "<group>"; };
		250AFE1025D96C720002CC4A /* SnapKit.h */ = {isa = PBXFileReference; fileEncoding = 4; lastKnownFileType = sourcecode.c.h; path = SnapKit.h; sourceTree = "<group>"; };
		250AFE1125D96C720002CC4A /* ConstraintConfig.swift */ = {isa = PBXFileReference; fileEncoding = 4; lastKnownFileType = sourcecode.swift; path = ConstraintConfig.swift; sourceTree = "<group>"; };
		250AFE1225D96C720002CC4A /* UILayoutSupport+Extensions.swift */ = {isa = PBXFileReference; fileEncoding = 4; lastKnownFileType = sourcecode.swift; path = "UILayoutSupport+Extensions.swift"; sourceTree = "<group>"; };
		250AFE1325D96C720002CC4A /* ConstraintView.swift */ = {isa = PBXFileReference; fileEncoding = 4; lastKnownFileType = sourcecode.swift; path = ConstraintView.swift; sourceTree = "<group>"; };
		250AFE1425D96C720002CC4A /* ConstraintLayoutGuide.swift */ = {isa = PBXFileReference; fileEncoding = 4; lastKnownFileType = sourcecode.swift; path = ConstraintLayoutGuide.swift; sourceTree = "<group>"; };
		250AFE1525D96C720002CC4A /* ConstraintLayoutSupport.swift */ = {isa = PBXFileReference; fileEncoding = 4; lastKnownFileType = sourcecode.swift; path = ConstraintLayoutSupport.swift; sourceTree = "<group>"; };
		250AFE1625D96C720002CC4A /* Typealiases.swift */ = {isa = PBXFileReference; fileEncoding = 4; lastKnownFileType = sourcecode.swift; path = Typealiases.swift; sourceTree = "<group>"; };
		250AFE1725D96C720002CC4A /* ConstraintConstantTarget.swift */ = {isa = PBXFileReference; fileEncoding = 4; lastKnownFileType = sourcecode.swift; path = ConstraintConstantTarget.swift; sourceTree = "<group>"; };
		250AFE1825D96C720002CC4A /* ConstraintOffsetTarget.swift */ = {isa = PBXFileReference; fileEncoding = 4; lastKnownFileType = sourcecode.swift; path = ConstraintOffsetTarget.swift; sourceTree = "<group>"; };
		250AFE1925D96C720002CC4A /* ConstraintMakerEditable.swift */ = {isa = PBXFileReference; fileEncoding = 4; lastKnownFileType = sourcecode.swift; path = ConstraintMakerEditable.swift; sourceTree = "<group>"; };
		250AFE1A25D96C720002CC4A /* ConstraintMaker.swift */ = {isa = PBXFileReference; fileEncoding = 4; lastKnownFileType = sourcecode.swift; path = ConstraintMaker.swift; sourceTree = "<group>"; };
		250AFE1B25D96C720002CC4A /* ConstraintRelation.swift */ = {isa = PBXFileReference; fileEncoding = 4; lastKnownFileType = sourcecode.swift; path = ConstraintRelation.swift; sourceTree = "<group>"; };
		250AFE1C25D96C720002CC4A /* ConstraintLayoutGuideDSL.swift */ = {isa = PBXFileReference; fileEncoding = 4; lastKnownFileType = sourcecode.swift; path = ConstraintLayoutGuideDSL.swift; sourceTree = "<group>"; };
		250AFE1D25D96C720002CC4A /* ConstraintView+Extensions.swift */ = {isa = PBXFileReference; fileEncoding = 4; lastKnownFileType = sourcecode.swift; path = "ConstraintView+Extensions.swift"; sourceTree = "<group>"; };
		250AFE1E25D96C720002CC4A /* ConstraintItem.swift */ = {isa = PBXFileReference; fileEncoding = 4; lastKnownFileType = sourcecode.swift; path = ConstraintItem.swift; sourceTree = "<group>"; };
		250AFE1F25D96C720002CC4A /* Constraint.swift */ = {isa = PBXFileReference; fileEncoding = 4; lastKnownFileType = sourcecode.swift; path = Constraint.swift; sourceTree = "<group>"; };
		250AFE2025D96C720002CC4A /* Debugging.swift */ = {isa = PBXFileReference; fileEncoding = 4; lastKnownFileType = sourcecode.swift; path = Debugging.swift; sourceTree = "<group>"; };
		250AFE2125D96C720002CC4A /* ConstraintRelatableTarget.swift */ = {isa = PBXFileReference; fileEncoding = 4; lastKnownFileType = sourcecode.swift; path = ConstraintRelatableTarget.swift; sourceTree = "<group>"; };
		250AFE2225D96C720002CC4A /* LayoutConstraint.swift */ = {isa = PBXFileReference; fileEncoding = 4; lastKnownFileType = sourcecode.swift; path = LayoutConstraint.swift; sourceTree = "<group>"; };
		250AFE2325D96C720002CC4A /* ConstraintLayoutGuide+Extensions.swift */ = {isa = PBXFileReference; fileEncoding = 4; lastKnownFileType = sourcecode.swift; path = "ConstraintLayoutGuide+Extensions.swift"; sourceTree = "<group>"; };
		250AFE2425D96C720002CC4A /* ConstraintDirectionalInsets.swift */ = {isa = PBXFileReference; fileEncoding = 4; lastKnownFileType = sourcecode.swift; path = ConstraintDirectionalInsets.swift; sourceTree = "<group>"; };
		250AFE2525D96C720002CC4A /* ConstraintLayoutSupportDSL.swift */ = {isa = PBXFileReference; fileEncoding = 4; lastKnownFileType = sourcecode.swift; path = ConstraintLayoutSupportDSL.swift; sourceTree = "<group>"; };
		250AFE2625D96C720002CC4A /* ConstraintMakerRelatable.swift */ = {isa = PBXFileReference; fileEncoding = 4; lastKnownFileType = sourcecode.swift; path = ConstraintMakerRelatable.swift; sourceTree = "<group>"; };
		250AFE4C25D96C9C0002CC4A /* FuncButton.swift */ = {isa = PBXFileReference; lastKnownFileType = sourcecode.swift; path = FuncButton.swift; sourceTree = "<group>"; };
		250AFE4F25D96CE30002CC4A /* Board.swift */ = {isa = PBXFileReference; lastKnownFileType = sourcecode.swift; path = Board.swift; sourceTree = "<group>"; };
		250AFE5225D96ED40002CC4A /* Screen.swift */ = {isa = PBXFileReference; lastKnownFileType = sourcecode.swift; path = Screen.swift; sourceTree = "<group>"; };
		250AFE5525D970780002CC4A /* CalculatorEngine.swift */ = {isa = PBXFileReference; lastKnownFileType = sourcecode.swift; path = CalculatorEngine.swift; sourceTree = "<group>"; };
/* End PBXFileReference section */

/* Begin PBXFrameworksBuildPhase section */
		250AFDE625D966180002CC4A /* Frameworks */ = {
			isa = PBXFrameworksBuildPhase;
			buildActionMask = 2147483647;
			files = (
			);
			runOnlyForDeploymentPostprocessing = 0;
		};
/* End PBXFrameworksBuildPhase section */

/* Begin PBXGroup section */
		250AFDE025D966180002CC4A = {
			isa = PBXGroup;
			children = (
				250AFDEB25D966180002CC4A /* Calculator */,
				250AFDEA25D966180002CC4A /* Products */,
			);
			sourceTree = "<group>";
		};
		250AFDEA25D966180002CC4A /* Products */ = {
			isa = PBXGroup;
			children = (
				250AFDE925D966180002CC4A /* Calculator.app */,
			);
			name = Products;
			sourceTree = "<group>";
		};
		250AFDEB25D966180002CC4A /* Calculator */ = {
			isa = PBXGroup;
			children = (
				250AFE0125D96C720002CC4A /* Source */,
				250AFDEC25D966180002CC4A /* AppDelegate.swift */,
				250AFDEE25D966180002CC4A /* SceneDelegate.swift */,
				250AFDF025D966180002CC4A /* ViewController.swift */,
				250AFE4C25D96C9C0002CC4A /* FuncButton.swift */,
				250AFE4F25D96CE30002CC4A /* Board.swift */,
				250AFE5225D96ED40002CC4A /* Screen.swift */,
				250AFE5525D970780002CC4A /* CalculatorEngine.swift */,
				250AFDF225D966180002CC4A /* Main.storyboard */,
				250AFDF525D9661A0002CC4A /* Assets.xcassets */,
				250AFDF725D9661A0002CC4A /* LaunchScreen.storyboard */,
				250AFDFA25D9661A0002CC4A /* Info.plist */,
			);
			path = Calculator;
			sourceTree = "<group>";
		};
		250AFE0125D96C720002CC4A /* Source */ = {
			isa = PBXGroup;
			children = (
				250AFE0225D96C720002CC4A /* ConstraintMultiplierTarget.swift */,
				250AFE0325D96C720002CC4A /* LayoutConstraintItem.swift */,
				250AFE0425D96C720002CC4A /* ConstraintDescription.swift */,
				250AFE0525D96C720002CC4A /* ConstraintMakerPriortizable.swift */,
				250AFE0625D96C720002CC4A /* ConstraintAttributes.swift */,
				250AFE0725D96C720002CC4A /* ConstraintViewDSL.swift */,
				250AFE0825D96C720002CC4A /* ConstraintPriorityTarget.swift */,
				250AFE0925D96C720002CC4A /* ConstraintInsets.swift */,
				250AFE0A25D96C720002CC4A /* ConstraintMakerFinalizable.swift */,
				250AFE0B25D96C720002CC4A /* ConstraintDSL.swift */,
				250AFE0C25D96C720002CC4A /* ConstraintMakerExtendable.swift */,
				250AFE0D25D96C720002CC4A /* ConstraintPriority.swift */,
				250AFE0E25D96C720002CC4A /* ConstraintInsetTarget.swift */,
				250AFE0F25D96C720002CC4A /* ConstraintDirectionalInsetTarget.swift */,
				250AFE1025D96C720002CC4A /* SnapKit.h */,
				250AFE1125D96C720002CC4A /* ConstraintConfig.swift */,
				250AFE1225D96C720002CC4A /* UILayoutSupport+Extensions.swift */,
				250AFE1325D96C720002CC4A /* ConstraintView.swift */,
				250AFE1425D96C720002CC4A /* ConstraintLayoutGuide.swift */,
				250AFE1525D96C720002CC4A /* ConstraintLayoutSupport.swift */,
				250AFE1625D96C720002CC4A /* Typealiases.swift */,
				250AFE1725D96C720002CC4A /* ConstraintConstantTarget.swift */,
				250AFE1825D96C720002CC4A /* ConstraintOffsetTarget.swift */,
				250AFE1925D96C720002CC4A /* ConstraintMakerEditable.swift */,
				250AFE1A25D96C720002CC4A /* ConstraintMaker.swift */,
				250AFE1B25D96C720002CC4A /* ConstraintRelation.swift */,
				250AFE1C25D96C720002CC4A /* ConstraintLayoutGuideDSL.swift */,
				250AFE1D25D96C720002CC4A /* ConstraintView+Extensions.swift */,
				250AFE1E25D96C720002CC4A /* ConstraintItem.swift */,
				250AFE1F25D96C720002CC4A /* Constraint.swift */,
				250AFE2025D96C720002CC4A /* Debugging.swift */,
				250AFE2125D96C720002CC4A /* ConstraintRelatableTarget.swift */,
				250AFE2225D96C720002CC4A /* LayoutConstraint.swift */,
				250AFE2325D96C720002CC4A /* ConstraintLayoutGuide+Extensions.swift */,
				250AFE2425D96C720002CC4A /* ConstraintDirectionalInsets.swift */,
				250AFE2525D96C720002CC4A /* ConstraintLayoutSupportDSL.swift */,
				250AFE2625D96C720002CC4A /* ConstraintMakerRelatable.swift */,
			);
			path = Source;
			sourceTree = "<group>";
		};
/* End PBXGroup section */

/* Begin PBXNativeTarget section */
		250AFDE825D966180002CC4A /* Calculator */ = {
			isa = PBXNativeTarget;
			buildConfigurationList = 250AFDFD25D9661A0002CC4A /* Build configuration list for PBXNativeTarget "Calculator" */;
			buildPhases = (
				250AFDE525D966180002CC4A /* Sources */,
				250AFDE625D966180002CC4A /* Frameworks */,
				250AFDE725D966180002CC4A /* Resources */,
			);
			buildRules = (
			);
			dependencies = (
			);
			name = Calculator;
			productName = Calculator;
			productReference = 250AFDE925D966180002CC4A /* Calculator.app */;
			productType = "com.apple.product-type.application";
		};
/* End PBXNativeTarget section */

/* Begin PBXProject section */
		250AFDE125D966180002CC4A /* Project object */ = {
			isa = PBXProject;
			attributes = {
				LastSwiftUpdateCheck = 1230;
				LastUpgradeCheck = 1230;
				TargetAttributes = {
					250AFDE825D966180002CC4A = {
						CreatedOnToolsVersion = 12.3;
					};
				};
			};
			buildConfigurationList = 250AFDE425D966180002CC4A /* Build configuration list for PBXProject "Calculator" */;
			compatibilityVersion = "Xcode 9.3";
			developmentRegion = en;
			hasScannedForEncodings = 0;
			knownRegions = (
				en,
				Base,
			);
			mainGroup = 250AFDE025D966180002CC4A;
			productRefGroup = 250AFDEA25D966180002CC4A /* Products */;
			projectDirPath = "";
			projectRoot = "";
			targets = (
				250AFDE825D966180002CC4A /* Calculator */,
			);
		};
/* End PBXProject section */

/* Begin PBXResourcesBuildPhase section */
		250AFDE725D966180002CC4A /* Resources */ = {
			isa = PBXResourcesBuildPhase;
			buildActionMask = 2147483647;
			files = (
				250AFDF925D9661A0002CC4A /* LaunchScreen.storyboard in Resources */,
				250AFDF625D9661A0002CC4A /* Assets.xcassets in Resources */,
				250AFDF425D966180002CC4A /* Main.storyboard in Resources */,
			);
			runOnlyForDeploymentPostprocessing = 0;
		};
/* End PBXResourcesBuildPhase section */

/* Begin PBXSourcesBuildPhase section */
		250AFDE525D966180002CC4A /* Sources */ = {
			isa = PBXSourcesBuildPhase;
			buildActionMask = 2147483647;
			files = (
				250AFE2A25D96C720002CC4A /* ConstraintMakerPriortizable.swift in Sources */,
				250AFE2B25D96C720002CC4A /* ConstraintAttributes.swift in Sources */,
				250AFE3E25D96C720002CC4A /* ConstraintMaker.swift in Sources */,
				250AFE2725D96C720002CC4A /* ConstraintMultiplierTarget.swift in Sources */,
				250AFE4425D96C720002CC4A /* Debugging.swift in Sources */,
				250AFE4625D96C720002CC4A /* LayoutConstraint.swift in Sources */,
				250AFE3A25D96C720002CC4A /* Typealiases.swift in Sources */,
				250AFE4125D96C720002CC4A /* ConstraintView+Extensions.swift in Sources */,
				250AFE3125D96C720002CC4A /* ConstraintMakerExtendable.swift in Sources */,
				250AFE4225D96C720002CC4A /* ConstraintItem.swift in Sources */,
				250AFE3C25D96C720002CC4A /* ConstraintOffsetTarget.swift in Sources */,
				250AFE4A25D96C720002CC4A /* ConstraintMakerRelatable.swift in Sources */,
				250AFE3525D96C720002CC4A /* ConstraintConfig.swift in Sources */,
				250AFDF125D966180002CC4A /* ViewController.swift in Sources */,
				250AFE4025D96C720002CC4A /* ConstraintLayoutGuideDSL.swift in Sources */,
				250AFE5625D970780002CC4A /* CalculatorEngine.swift in Sources */,
				250AFE3825D96C720002CC4A /* ConstraintLayoutGuide.swift in Sources */,
				250AFE3F25D96C720002CC4A /* ConstraintRelation.swift in Sources */,
				250AFE3325D96C720002CC4A /* ConstraintInsetTarget.swift in Sources */,
				250AFE2825D96C720002CC4A /* LayoutConstraintItem.swift in Sources */,
				250AFE4825D96C720002CC4A /* ConstraintDirectionalInsets.swift in Sources */,
				250AFE4325D96C720002CC4A /* Constraint.swift in Sources */,
				250AFE4525D96C720002CC4A /* ConstraintRelatableTarget.swift in Sources */,
				250AFE3425D96C720002CC4A /* ConstraintDirectionalInsetTarget.swift in Sources */,
				250AFE2E25D96C720002CC4A /* ConstraintInsets.swift in Sources */,
				250AFDED25D966180002CC4A /* AppDelegate.swift in Sources */,
				250AFDEF25D966180002CC4A /* SceneDelegate.swift in Sources */,
				250AFE3D25D96C720002CC4A /* ConstraintMakerEditable.swift in Sources */,
				250AFE4725D96C720002CC4A /* ConstraintLayoutGuide+Extensions.swift in Sources */,
				250AFE2D25D96C720002CC4A /* ConstraintPriorityTarget.swift in Sources */,
				250AFE3B25D96C720002CC4A /* ConstraintConstantTarget.swift in Sources */,
				250AFE3025D96C720002CC4A /* ConstraintDSL.swift in Sources */,
				250AFE5025D96CE30002CC4A /* Board.swift in Sources */,
				250AFE3225D96C720002CC4A /* ConstraintPriority.swift in Sources */,
				250AFE3725D96C720002CC4A /* ConstraintView.swift in Sources */,
				250AFE2925D96C720002CC4A /* ConstraintDescription.swift in Sources */,
				250AFE5325D96ED40002CC4A /* Screen.swift in Sources */,
				250AFE3625D96C720002CC4A /* UILayoutSupport+Extensions.swift in Sources */,
				250AFE4D25D96C9C0002CC4A /* FuncButton.swift in Sources */,
				250AFE4925D96C720002CC4A /* ConstraintLayoutSupportDSL.swift in Sources */,
				250AFE2F25D96C720002CC4A /* ConstraintMakerFinalizable.swift in Sources */,
				250AFE3925D96C720002CC4A /* ConstraintLayoutSupport.swift in Sources */,
				250AFE2C25D96C720002CC4A /* ConstraintViewDSL.swift in Sources */,
			);
			runOnlyForDeploymentPostprocessing = 0;
		};
/* End PBXSourcesBuildPhase section */

/* Begin PBXVariantGroup section */
		250AFDF225D966180002CC4A /* Main.storyboard */ = {
			isa = PBXVariantGroup;
			children = (
				250AFDF325D966180002CC4A /* Base */,
			);
			name = Main.storyboard;
			sourceTree = "<group>";
		};
		250AFDF725D9661A0002CC4A /* LaunchScreen.storyboard */ = {
			isa = PBXVariantGroup;
			children = (
				250AFDF825D9661A0002CC4A /* Base */,
			);
			name = LaunchScreen.storyboard;
			sourceTree = "<group>";
		};
/* End PBXVariantGroup section */

/* Begin XCBuildConfiguration section */
		250AFDFB25D9661A0002CC4A /* Debug */ = {
			isa = XCBuildConfiguration;
			buildSettings = {
				ALWAYS_SEARCH_USER_PATHS = NO;
				CLANG_ANALYZER_NONNULL = YES;
				CLANG_ANALYZER_NUMBER_OBJECT_CONVERSION = YES_AGGRESSIVE;
				CLANG_CXX_LANGUAGE_STANDARD = "gnu++14";
				CLANG_CXX_LIBRARY = "libc++";
				CLANG_ENABLE_MODULES = YES;
				CLANG_ENABLE_OBJC_ARC = YES;
				CLANG_ENABLE_OBJC_WEAK = YES;
				CLANG_WARN_BLOCK_CAPTURE_AUTORELEASING = YES;
				CLANG_WARN_BOOL_CONVERSION = YES;
				CLANG_WARN_COMMA = YES;
				CLANG_WARN_CONSTANT_CONVERSION = YES;
				CLANG_WARN_DEPRECATED_OBJC_IMPLEMENTATIONS = YES;
				CLANG_WARN_DIRECT_OBJC_ISA_USAGE = YES_ERROR;
				CLANG_WARN_DOCUMENTATION_COMMENTS = YES;
				CLANG_WARN_EMPTY_BODY = YES;
				CLANG_WARN_ENUM_CONVERSION = YES;
				CLANG_WARN_INFINITE_RECURSION = YES;
				CLANG_WARN_INT_CONVERSION = YES;
				CLANG_WARN_NON_LITERAL_NULL_CONVERSION = YES;
				CLANG_WARN_OBJC_IMPLICIT_RETAIN_SELF = YES;
				CLANG_WARN_OBJC_LITERAL_CONVERSION = YES;
				CLANG_WARN_OBJC_ROOT_CLASS = YES_ERROR;
				CLANG_WARN_QUOTED_INCLUDE_IN_FRAMEWORK_HEADER = YES;
				CLANG_WARN_RANGE_LOOP_ANALYSIS = YES;
				CLANG_WARN_STRICT_PROTOTYPES = YES;
				CLANG_WARN_SUSPICIOUS_MOVE = YES;
				CLANG_WARN_UNGUARDED_AVAILABILITY = YES_AGGRESSIVE;
				CLANG_WARN_UNREACHABLE_CODE = YES;
				CLANG_WARN__DUPLICATE_METHOD_MATCH = YES;
				COPY_PHASE_STRIP = NO;
				DEBUG_INFORMATION_FORMAT = dwarf;
				ENABLE_STRICT_OBJC_MSGSEND = YES;
				ENABLE_TESTABILITY = YES;
				GCC_C_LANGUAGE_STANDARD = gnu11;
				GCC_DYNAMIC_NO_PIC = NO;
				GCC_NO_COMMON_BLOCKS = YES;
				GCC_OPTIMIZATION_LEVEL = 0;
				GCC_PREPROCESSOR_DEFINITIONS = (
					"DEBUG=1",
					"$(inherited)",
				);
				GCC_WARN_64_TO_32_BIT_CONVERSION = YES;
				GCC_WARN_ABOUT_RETURN_TYPE = YES_ERROR;
				GCC_WARN_UNDECLARED_SELECTOR = YES;
				GCC_WARN_UNINITIALIZED_AUTOS = YES_AGGRESSIVE;
				GCC_WARN_UNUSED_FUNCTION = YES;
				GCC_WARN_UNUSED_VARIABLE = YES;
				IPHONEOS_DEPLOYMENT_TARGET = 14.3;
				MTL_ENABLE_DEBUG_INFO = INCLUDE_SOURCE;
				MTL_FAST_MATH = YES;
				ONLY_ACTIVE_ARCH = YES;
				SDKROOT = iphoneos;
				SWIFT_ACTIVE_COMPILATION_CONDITIONS = DEBUG;
				SWIFT_OPTIMIZATION_LEVEL = "-Onone";
			};
			name = Debug;
		};
		250AFDFC25D9661A0002CC4A /* Release */ = {
			isa = XCBuildConfiguration;
			buildSettings = {
				ALWAYS_SEARCH_USER_PATHS = NO;
				CLANG_ANALYZER_NONNULL = YES;
				CLANG_ANALYZER_NUMBER_OBJECT_CONVERSION = YES_AGGRESSIVE;
				CLANG_CXX_LANGUAGE_STANDARD = "gnu++14";
				CLANG_CXX_LIBRARY = "libc++";
				CLANG_ENABLE_MODULES = YES;
				CLANG_ENABLE_OBJC_ARC = YES;
				CLANG_ENABLE_OBJC_WEAK = YES;
				CLANG_WARN_BLOCK_CAPTURE_AUTORELEASING = YES;
				CLANG_WARN_BOOL_CONVERSION = YES;
				CLANG_WARN_COMMA = YES;
				CLANG_WARN_CONSTANT_CONVERSION = YES;
				CLANG_WARN_DEPRECATED_OBJC_IMPLEMENTATIONS = YES;
				CLANG_WARN_DIRECT_OBJC_ISA_USAGE = YES_ERROR;
				CLANG_WARN_DOCUMENTATION_COMMENTS = YES;
				CLANG_WARN_EMPTY_BODY = YES;
				CLANG_WARN_ENUM_CONVERSION = YES;
				CLANG_WARN_INFINITE_RECURSION = YES;
				CLANG_WARN_INT_CONVERSION = YES;
				CLANG_WARN_NON_LITERAL_NULL_CONVERSION = YES;
				CLANG_WARN_OBJC_IMPLICIT_RETAIN_SELF = YES;
				CLANG_WARN_OBJC_LITERAL_CONVERSION = YES;
				CLANG_WARN_OBJC_ROOT_CLASS = YES_ERROR;
				CLANG_WARN_QUOTED_INCLUDE_IN_FRAMEWORK_HEADER = YES;
				CLANG_WARN_RANGE_LOOP_ANALYSIS = YES;
				CLANG_WARN_STRICT_PROTOTYPES = YES;
				CLANG_WARN_SUSPICIOUS_MOVE = YES;
				CLANG_WARN_UNGUARDED_AVAILABILITY = YES_AGGRESSIVE;
				CLANG_WARN_UNREACHABLE_CODE = YES;
				CLANG_WARN__DUPLICATE_METHOD_MATCH = YES;
				COPY_PHASE_STRIP = NO;
				DEBUG_INFORMATION_FORMAT = "dwarf-with-dsym";
				ENABLE_NS_ASSERTIONS = NO;
				ENABLE_STRICT_OBJC_MSGSEND = YES;
				GCC_C_LANGUAGE_STANDARD = gnu11;
				GCC_NO_COMMON_BLOCKS = YES;
				GCC_WARN_64_TO_32_BIT_CONVERSION = YES;
				GCC_WARN_ABOUT_RETURN_TYPE = YES_ERROR;
				GCC_WARN_UNDECLARED_SELECTOR = YES;
				GCC_WARN_UNINITIALIZED_AUTOS = YES_AGGRESSIVE;
				GCC_WARN_UNUSED_FUNCTION = YES;
				GCC_WARN_UNUSED_VARIABLE = YES;
				IPHONEOS_DEPLOYMENT_TARGET = 14.3;
				MTL_ENABLE_DEBUG_INFO = NO;
				MTL_FAST_MATH = YES;
				SDKROOT = iphoneos;
				SWIFT_COMPILATION_MODE = wholemodule;
				SWIFT_OPTIMIZATION_LEVEL = "-O";
				VALIDATE_PRODUCT = YES;
			};
			name = Release;
		};
		250AFDFE25D9661A0002CC4A /* Debug */ = {
			isa = XCBuildConfiguration;
			buildSettings = {
				ASSETCATALOG_COMPILER_APPICON_NAME = AppIcon;
				ASSETCATALOG_COMPILER_GLOBAL_ACCENT_COLOR_NAME = AccentColor;
				CODE_SIGN_STYLE = Automatic;
				INFOPLIST_FILE = Calculator/Info.plist;
				LD_RUNPATH_SEARCH_PATHS = (
					"$(inherited)",
					"@executable_path/Frameworks",
				);
				PRODUCT_BUNDLE_IDENTIFIER = huishao.Calculator;
				PRODUCT_NAME = "$(TARGET_NAME)";
				SWIFT_VERSION = 5.0;
				TARGETED_DEVICE_FAMILY = "1,2";
			};
			name = Debug;
		};
		250AFDFF25D9661A0002CC4A /* Release */ = {
			isa = XCBuildConfiguration;
			buildSettings = {
				ASSETCATALOG_COMPILER_APPICON_NAME = AppIcon;
				ASSETCATALOG_COMPILER_GLOBAL_ACCENT_COLOR_NAME = AccentColor;
				CODE_SIGN_STYLE = Automatic;
				INFOPLIST_FILE = Calculator/Info.plist;
				LD_RUNPATH_SEARCH_PATHS = (
					"$(inherited)",
					"@executable_path/Frameworks",
				);
				PRODUCT_BUNDLE_IDENTIFIER = huishao.Calculator;
				PRODUCT_NAME = "$(TARGET_NAME)";
				SWIFT_VERSION = 5.0;
				TARGETED_DEVICE_FAMILY = "1,2";
			};
			name = Release;
		};
/* End XCBuildConfiguration section */

/* Begin XCConfigurationList section */
		250AFDE425D966180002CC4A /* Build configuration list for PBXProject "Calculator" */ = {
			isa = XCConfigurationList;
			buildConfigurations = (
				250AFDFB25D9661A0002CC4A /* Debug */,
				250AFDFC25D9661A0002CC4A /* Release */,
			);
			defaultConfigurationIsVisible = 0;
			defaultConfigurationName = Release;
		};
		250AFDFD25D9661A0002CC4A /* Build configuration list for PBXNativeTarget "Calculator" */ = {
			isa = XCConfigurationList;
			buildConfigurations = (
				250AFDFE25D9661A0002CC4A /* Debug */,
				250AFDFF25D9661A0002CC4A /* Release */,
			);
			defaultConfigurationIsVisible = 0;
			defaultConfigurationName = Release;
		};
/* End XCConfigurationList section */
	};
	rootObject = 250AFDE125D966180002CC4A /* Project object */;
}
